// !$*UTF8*$!
{
	archiveVersion = 1;
	classes = {
	};
	objectVersion = 46;
	objects = {

/* Begin PBXBuildFile section */
		D03D23621BA2291A00340341 /* AppDelegate.swift in Sources */ = {isa = PBXBuildFile; fileRef = D03D23611BA2291A00340341 /* AppDelegate.swift */; };
		D03D23691BA2291A00340341 /* Assets.xcassets in Resources */ = {isa = PBXBuildFile; fileRef = D03D23681BA2291A00340341 /* Assets.xcassets */; };
/* End PBXBuildFile section */

/* Begin PBXFileReference section */
		D03D235E1BA2291A00340341 /* TVGuide.app */ = {isa = PBXFileReference; explicitFileType = wrapper.application; includeInIndex = 0; path = TVGuide.app; sourceTree = BUILT_PRODUCTS_DIR; };
		D03D23611BA2291A00340341 /* AppDelegate.swift */ = {isa = PBXFileReference; lastKnownFileType = sourcecode.swift; path = AppDelegate.swift; sourceTree = "<group>"; };
		D03D23681BA2291A00340341 /* Assets.xcassets */ = {isa = PBXFileReference; lastKnownFileType = folder.assetcatalog; path = Assets.xcassets; sourceTree = "<group>"; };
		D03D236A1BA2291A00340341 /* Info.plist */ = {isa = PBXFileReference; lastKnownFileType = text.plist.xml; path = Info.plist; sourceTree = "<group>"; };
/* End PBXFileReference section */

/* Begin PBXFrameworksBuildPhase section */
		D03D235B1BA2291A00340341 /* Frameworks */ = {
			isa = PBXFrameworksBuildPhase;
			buildActionMask = 2147483647;
			files = (
			);
			runOnlyForDeploymentPostprocessing = 0;
		};
/* End PBXFrameworksBuildPhase section */

/* Begin PBXGroup section */
		D03D23551BA2291A00340341 = {
			isa = PBXGroup;
			children = (
				D03D23601BA2291A00340341 /* TVGuide */,
				D03D235F1BA2291A00340341 /* Products */,
			);
			sourceTree = "<group>";
		};
		D03D235F1BA2291A00340341 /* Products */ = {
			isa = PBXGroup;
			children = (
				D03D235E1BA2291A00340341 /* TVGuide.app */,
			);
			name = Products;
			sourceTree = "<group>";
		};
		D03D23601BA2291A00340341 /* TVGuide */ = {
			isa = PBXGroup;
			children = (
				D03D23611BA2291A00340341 /* AppDelegate.swift */,
				D03D23681BA2291A00340341 /* Assets.xcassets */,
				D03D236A1BA2291A00340341 /* Info.plist */,
			);
			path = TVGuide;
			sourceTree = "<group>";
		};
/* End PBXGroup section */

/* Begin PBXNativeTarget section */
		D03D235D1BA2291A00340341 /* TVGuide */ = {
			isa = PBXNativeTarget;
			buildConfigurationList = D03D236D1BA2291A00340341 /* Build configuration list for PBXNativeTarget "TVGuide" */;
			buildPhases = (
				D03D235A1BA2291A00340341 /* Sources */,
				D03D235B1BA2291A00340341 /* Frameworks */,
				D03D235C1BA2291A00340341 /* Resources */,
			);
			buildRules = (
			);
			dependencies = (
			);
			name = TVGuide;
			productName = TVGuide;
			productReference = D03D235E1BA2291A00340341 /* TVGuide.app */;
			productType = "com.apple.product-type.application";
		};
/* End PBXNativeTarget section */

/* Begin PBXProject section */
		D03D23561BA2291A00340341 /* Project object */ = {
			isa = PBXProject;
			attributes = {
				LastUpgradeCheck = 0710;
				ORGANIZATIONNAME = MilkshakeHQ;
				TargetAttributes = {
					D03D235D1BA2291A00340341 = {
						CreatedOnToolsVersion = 7.1;
						DevelopmentTeam = M5NC87P8XY;
					};
				};
			};
			buildConfigurationList = D03D23591BA2291A00340341 /* Build configuration list for PBXProject "TVGuide" */;
			compatibilityVersion = "Xcode 3.2";
			developmentRegion = English;
			hasScannedForEncodings = 0;
			knownRegions = (
				en,
				Base,
			);
			mainGroup = D03D23551BA2291A00340341;
			productRefGroup = D03D235F1BA2291A00340341 /* Products */;
			projectDirPath = "";
			projectRoot = "";
			targets = (
				D03D235D1BA2291A00340341 /* TVGuide */,
			);
		};
/* End PBXProject section */

/* Begin PBXResourcesBuildPhase section */
		D03D235C1BA2291A00340341 /* Resources */ = {
			isa = PBXResourcesBuildPhase;
			buildActionMask = 2147483647;
			files = (
				D03D23691BA2291A00340341 /* Assets.xcassets in Resources */,
			);
			runOnlyForDeploymentPostprocessing = 0;
		};
/* End PBXResourcesBuildPhase section */

/* Begin PBXSourcesBuildPhase section */
		D03D235A1BA2291A00340341 /* Sources */ = {
			isa = PBXSourcesBuildPhase;
			buildActionMask = 2147483647;
			files = (
				D03D23621BA2291A00340341 /* AppDelegate.swift in Sources */,
			);
			runOnlyForDeploymentPostprocessing = 0;
		};
/* End PBXSourcesBuildPhase section */

/* Begin XCBuildConfiguration section */
		D03D236B1BA2291A00340341 /* Debug */ = {
			isa = XCBuildConfiguration;
			buildSettings = {
				ALWAYS_SEARCH_USER_PATHS = NO;
				CLANG_CXX_LANGUAGE_STANDARD = "gnu++0x";
				CLANG_CXX_LIBRARY = "libc++";
				CLANG_ENABLE_MODULES = YES;
				CLANG_ENABLE_OBJC_ARC = YES;
				CLANG_WARN_BOOL_CONVERSION = YES;
				CLANG_WARN_CONSTANT_CONVERSION = YES;
				CLANG_WARN_DIRECT_OBJC_ISA_USAGE = YES_ERROR;
				CLANG_WARN_EMPTY_BODY = YES;
				CLANG_WARN_ENUM_CONVERSION = YES;
				CLANG_WARN_INT_CONVERSION = YES;
				CLANG_WARN_OBJC_ROOT_CLASS = YES_ERROR;
				CLANG_WARN_UNREACHABLE_CODE = YES;
				CLANG_WARN__DUPLICATE_METHOD_MATCH = YES;
				COPY_PHASE_STRIP = NO;
				DEBUG_INFORMATION_FORMAT = dwarf;
				ENABLE_STRICT_OBJC_MSGSEND = YES;
				ENABLE_TESTABILITY = YES;
				GCC_C_LANGUAGE_STANDARD = gnu99;
				GCC_DYNAMIC_NO_PIC = NO;
				GCC_NO_COMMON_BLOCKS = YES;
				GCC_OPTIMIZATION_LEVEL = 0;
				GCC_PREPROCESSOR_DEFINITIONS = (
					"DEBUG=1",
					"$(inherited)",
				);
				GCC_WARN_64_TO_32_BIT_CONVERSION = YES;
				GCC_WARN_ABOUT_RETURN_TYPE = YES_ERROR;
				GCC_WARN_UNDECLARED_SELECTOR = YES;
				GCC_WARN_UNINITIALIZED_AUTOS = YES_AGGRESSIVE;
				GCC_WARN_UNUSED_FUNCTION = YES;
				GCC_WARN_UNUSED_VARIABLE = YES;
				MTL_ENABLE_DEBUG_INFO = YES;
				ONLY_ACTIVE_ARCH = YES;
				SDKROOT = appletvos;
				SWIFT_OPTIMIZATION_LEVEL = "-Onone";
				TARGETED_DEVICE_FAMILY = 3;
				TVOS_DEPLOYMENT_TARGET = 9.0;
			};
			name = Debug;
		};
		D03D236C1BA2291A00340341 /* Release */ = {
			isa = XCBuildConfiguration;
			buildSettings = {
				ALWAYS_SEARCH_USER_PATHS = NO;
				CLANG_CXX_LANGUAGE_STANDARD = "gnu++0x";
				CLANG_CXX_LIBRARY = "libc++";
				CLANG_ENABLE_MODULES = YES;
				CLANG_ENABLE_OBJC_ARC = YES;
				CLANG_WARN_BOOL_CONVERSION = YES;
				CLANG_WARN_CONSTANT_CONVERSION = YES;
				CLANG_WARN_DIRECT_OBJC_ISA_USAGE = YES_ERROR;
				CLANG_WARN_EMPTY_BODY = YES;
				CLANG_WARN_ENUM_CONVERSION = YES;
				CLANG_WARN_INT_CONVERSION = YES;
				CLANG_WARN_OBJC_ROOT_CLASS = YES_ERROR;
				CLANG_WARN_UNREACHABLE_CODE = YES;
				CLANG_WARN__DUPLICATE_METHOD_MATCH = YES;
				COPY_PHASE_STRIP = NO;
				DEBUG_INFORMATION_FORMAT = "dwarf-with-dsym";
				ENABLE_NS_ASSERTIONS = NO;
				ENABLE_STRICT_OBJC_MSGSEND = YES;
				GCC_C_LANGUAGE_STANDARD = gnu99;
				GCC_NO_COMMON_BLOCKS = YES;
				GCC_WARN_64_TO_32_BIT_CONVERSION = YES;
				GCC_WARN_ABOUT_RETURN_TYPE = YES_ERROR;
				GCC_WARN_UNDECLARED_SELECTOR = YES;
				GCC_WARN_UNINITIALIZED_AUTOS = YES_AGGRESSIVE;
				GCC_WARN_UNUSED_FUNCTION = YES;
				GCC_WARN_UNUSED_VARIABLE = YES;
				MTL_ENABLE_DEBUG_INFO = NO;
				SDKROOT = appletvos;
				TARGETED_DEVICE_FAMILY = 3;
				TVOS_DEPLOYMENT_TARGET = 9.0;
				VALIDATE_PRODUCT = YES;
			};
			name = Release;
		};
		D03D236E1BA2291A00340341 /* Debug */ = {
			isa = XCBuildConfiguration;
			buildSettings = {
				ASSETCATALOG_COMPILER_APPICON_NAME = "App Icon & Top Shelf Image";
				ASSETCATALOG_COMPILER_LAUNCHIMAGE_NAME = LaunchImage;
				CODE_SIGN_IDENTITY = "iPhone Developer";
				"CODE_SIGN_IDENTITY[sdk=appletvos*]" = "iPhone Developer";
				INFOPLIST_FILE = TVGuide/Info.plist;
				LD_RUNPATH_SEARCH_PATHS = "$(inherited) @executable_path/Frameworks";
				PRODUCT_BUNDLE_IDENTIFIER = com.milkshakehq.TVGuide;
				PRODUCT_NAME = "$(TARGET_NAME)";
				PROVISIONING_PROFILE = "";
			};
			name = Debug;
		};
		D03D236F1BA2291A00340341 /* Release */ = {
			isa = XCBuildConfiguration;
			buildSettings = {
				ASSETCATALOG_COMPILER_APPICON_NAME = "App Icon & Top Shelf Image";
				ASSETCATALOG_COMPILER_LAUNCHIMAGE_NAME = LaunchImage;
				CODE_SIGN_IDENTITY = "iPhone Developer";
				"CODE_SIGN_IDENTITY[sdk=appletvos*]" = "iPhone Developer";
				INFOPLIST_FILE = TVGuide/Info.plist;
				LD_RUNPATH_SEARCH_PATHS = "$(inherited) @executable_path/Frameworks";
				PRODUCT_BUNDLE_IDENTIFIER = com.milkshakehq.TVGuide;
				PRODUCT_NAME = "$(TARGET_NAME)";
				PROVISIONING_PROFILE = "";
			};
			name = Release;
		};
/* End XCBuildConfiguration section */

/* Begin XCConfigurationList section */
		D03D23591BA2291A00340341 /* Build configuration list for PBXProject "TVGuide" */ = {
			isa = XCConfigurationList;
			buildConfigurations = (
				D03D236B1BA2291A00340341 /* Debug */,
				D03D236C1BA2291A00340341 /* Release */,
			);
			defaultConfigurationIsVisible = 0;
			defaultConfigurationName = Release;
		};
		D03D236D1BA2291A00340341 /* Build configuration list for PBXNativeTarget "TVGuide" */ = {
			isa = XCConfigurationList;
			buildConfigurations = (
				D03D236E1BA2291A00340341 /* Debug */,
				D03D236F1BA2291A00340341 /* Release */,
			);
			defaultConfigurationIsVisible = 0;
		};
/* End XCConfigurationList section */
	};
	rootObject = D03D23561BA2291A00340341 /* Project object */;
}
